# @generated - this file is auto-generated by `mise lock` https://mise.jdx.dev/dev-tools/mise-lock.html

[[tools."pipx:basedpyright"]]
version = "1.39.3"
backend = "pipx:basedpyright"

[[tools."pipx:poethepoet"]]
version = "0.45.0"
backend = "pipx:poethepoet"

[[tools.ruff]]
version = "0.15.12"
backend = "aqua:astral-sh/ruff"

[tools.ruff."platforms.linux-arm64"]
checksum = "sha256:8996fe01814d00480c81da2b8ce9e8274f63eb07992318f082f7071772699635"
url = "https://github.com/astral-sh/ruff/releases/download/0.15.12/ruff-aarch64-unknown-linux-musl.tar.gz"

[tools.ruff."platforms.linux-arm64-musl"]
checksum = "sha256:8996fe01814d00480c81da2b8ce9e8274f63eb07992318f082f7071772699635"
url = "https://github.com/astral-sh/ruff/releases/download/0.15.12/ruff-aarch64-unknown-linux-musl.tar.gz"

[tools.ruff."platforms.linux-x64"]
checksum = "sha256:e0b074f722f87efe2e09de3a77820a012d1417ebabbd308cccdf6b98ba8d4bb3"
url = "https://github.com/astral-sh/ruff/releases/download/0.15.12/ruff-x86_64-unknown-linux-musl.tar.gz"
provenance = "github-attestations"

[tools.ruff."platforms.linux-x64-musl"]
checksum = "sha256:e0b074f722f87efe2e09de3a77820a012d1417ebabbd308cccdf6b98ba8d4bb3"
url = "https://github.com/astral-sh/ruff/releases/download/0.15.12/ruff-x86_64-unknown-linux-musl.tar.gz"

[tools.ruff."platforms.macos-arm64"]
checksum = "sha256:bd59107e125f9c9f64a75be13b6ff21bf7cbc61c4b9529bbb75c8184e3dd6c3c"
url = "https://github.com/astral-sh/ruff/releases/download/0.15.12/ruff-aarch64-apple-darwin.tar.gz"

[tools.ruff."platforms.macos-x64"]
checksum = "sha256:f88b6ad8338ad7acf83497e4bc2f2b5d3cac46c3e71363b7263c1bb9027c9b37"
url = "https://github.com/astral-sh/ruff/releases/download/0.15.12/ruff-x86_64-apple-darwin.tar.gz"

[tools.ruff."platforms.windows-x64"]
checksum = "sha256:d378033392042377491ef2541457af47cc4652c4e984639c95413b0c4876b0f1"
url = "https://github.com/astral-sh/ruff/releases/download/0.15.12/ruff-x86_64-pc-windows-msvc.zip"

[[tools.uv]]
version = "0.11.8"
backend = "aqua:astral-sh/uv"

[tools.uv."platforms.linux-arm64"]
checksum = "sha256:29418befb64f926a2dba3473e8e69acd00b36fb845d85344ef11321a993ad8f5"
url = "https://github.com/astral-sh/uv/releases/download/0.11.8/uv-aarch64-unknown-linux-musl.tar.gz"

[tools.uv."platforms.linux-arm64-musl"]
checksum = "sha256:29418befb64f926a2dba3473e8e69acd00b36fb845d85344ef11321a993ad8f5"
url = "https://github.com/astral-sh/uv/releases/download/0.11.8/uv-aarch64-unknown-linux-musl.tar.gz"

[tools.uv."platforms.linux-x64"]
checksum = "sha256:de82507d12e31cfc86c1c776238f7c248e48e40d996dedc812d64fdd31c6ed12"
url = "https://github.com/astral-sh/uv/releases/download/0.11.8/uv-x86_64-unknown-linux-musl.tar.gz"

[tools.uv."platforms.linux-x64-musl"]
checksum = "sha256:de82507d12e31cfc86c1c776238f7c248e48e40d996dedc812d64fdd31c6ed12"
url = "https://github.com/astral-sh/uv/releases/download/0.11.8/uv-x86_64-unknown-linux-musl.tar.gz"

[tools.uv."platforms.macos-arm64"]
checksum = "sha256:c729adb365114e844dd7f9316313a7ed6443b89bb5681d409eebac78b0bd06c8"
url = "https://github.com/astral-sh/uv/releases/download/0.11.8/uv-aarch64-apple-darwin.tar.gz"

[tools.uv."platforms.macos-x64"]
checksum = "sha256:c59d73bf34b58bc8e33a11629f7a255c11789fd00f03cd3e68ab2d1603645de9"
url = "https://github.com/astral-sh/uv/releases/download/0.11.8/uv-x86_64-apple-darwin.tar.gz"

[tools.uv."platforms.windows-x64"]
checksum = "sha256:c84629a56e0706b69a47ea35862208af827cb6fbfa1d0ca763c52c67594637e8"
url = "https://github.com/astral-sh/uv/releases/download/0.11.8/uv-x86_64-pc-windows-msvc.zip"
