# @generated - this file is auto-generated by `mise lock` https://mise.en.dev/dev-tools/mise-lock.html

[[tools."github:facebook/pyrefly"]]
version = "1.1.1"
backend = "github:facebook/pyrefly"

[tools."github:facebook/pyrefly"."platforms.linux-arm64"]
checksum = "sha256:30251929e2c074644febe1de4b0fe306f3d9d737f084b0ca19590511d174e76b"
url = "https://github.com/facebook/pyrefly/releases/download/1.1.1/pyrefly-linux-arm64.tar.gz"
url_api = "https://api.github.com/repos/facebook/pyrefly/releases/assets/451683705"

[tools."github:facebook/pyrefly"."platforms.linux-arm64-musl"]
checksum = "sha256:f55454ac41ed1c086af1bd3cfbe2c2a25b960e46551df50ce047bc1ccb11fb35"
url = "https://github.com/facebook/pyrefly/releases/download/1.1.1/pyrefly-linux-arm64-musl.tar.gz"
url_api = "https://api.github.com/repos/facebook/pyrefly/releases/assets/451684708"

[tools."github:facebook/pyrefly"."platforms.linux-x64"]
checksum = "sha256:7f950c246826ea4ba88bd209cdd1593156fed9d11e2114334d7e112581c80a83"
url = "https://github.com/facebook/pyrefly/releases/download/1.1.1/pyrefly-linux-x86_64.tar.gz"
url_api = "https://api.github.com/repos/facebook/pyrefly/releases/assets/451683405"

[tools."github:facebook/pyrefly"."platforms.linux-x64-musl"]
checksum = "sha256:fc591b4b283ceddb81116a8dd5c0e70d4f1a7dd291521c4debe0cd588c7fd74c"
url = "https://github.com/facebook/pyrefly/releases/download/1.1.1/pyrefly-linux-x86_64-musl.tar.gz"
url_api = "https://api.github.com/repos/facebook/pyrefly/releases/assets/451683758"

[tools."github:facebook/pyrefly"."platforms.macos-arm64"]
checksum = "sha256:022a989d2af4748e4d75a48fed7dbb0cc49f30a4b83745d4e4f742d0920ada70"
url = "https://github.com/facebook/pyrefly/releases/download/1.1.1/pyrefly-macos-arm64.tar.gz"
url_api = "https://api.github.com/repos/facebook/pyrefly/releases/assets/451685547"

[tools."github:facebook/pyrefly"."platforms.macos-x64"]
checksum = "sha256:191c7ee2891d2ab55a05b078c94832266e1dda78a9a0381a95fde13a2a27a38b"
url = "https://github.com/facebook/pyrefly/releases/download/1.1.1/pyrefly-macos-x86_64.tar.gz"
url_api = "https://api.github.com/repos/facebook/pyrefly/releases/assets/451691715"

[tools."github:facebook/pyrefly"."platforms.windows-x64"]
checksum = "sha256:d54e29b9f49877d2937710c975996cf00e6576f0a10ec4c84c9f6c370ca396a8"
url = "https://github.com/facebook/pyrefly/releases/download/1.1.1/pyrefly-windows-x86_64.zip"
url_api = "https://api.github.com/repos/facebook/pyrefly/releases/assets/451689466"

[[tools.prek]]
version = "0.3.12"
backend = "aqua:j178/prek"

[tools.prek."platforms.linux-arm64"]
checksum = "sha256:2d7bc8ce9bb8521a2b9f67ad23d556fbf208a8cf5d141f09c3dbae919df756aa"
url = "https://github.com/j178/prek/releases/download/v0.3.12/prek-aarch64-unknown-linux-musl.tar.gz"
url_api = "https://api.github.com/repos/j178/prek/releases/assets/412498552"
provenance = "github-attestations"

[tools.prek."platforms.linux-arm64-musl"]
checksum = "sha256:2d7bc8ce9bb8521a2b9f67ad23d556fbf208a8cf5d141f09c3dbae919df756aa"
url = "https://github.com/j178/prek/releases/download/v0.3.12/prek-aarch64-unknown-linux-musl.tar.gz"
url_api = "https://api.github.com/repos/j178/prek/releases/assets/412498552"
provenance = "github-attestations"

[tools.prek."platforms.linux-x64"]
checksum = "sha256:6e4874a2d83451df4946e81f161dc8c6bdc675064cca1f2e1e8b0921dc862ae8"
url = "https://github.com/j178/prek/releases/download/v0.3.12/prek-x86_64-unknown-linux-musl.tar.gz"
url_api = "https://api.github.com/repos/j178/prek/releases/assets/412498606"
provenance = "github-attestations"

[tools.prek."platforms.linux-x64-musl"]
checksum = "sha256:6e4874a2d83451df4946e81f161dc8c6bdc675064cca1f2e1e8b0921dc862ae8"
url = "https://github.com/j178/prek/releases/download/v0.3.12/prek-x86_64-unknown-linux-musl.tar.gz"
url_api = "https://api.github.com/repos/j178/prek/releases/assets/412498606"
provenance = "github-attestations"

[tools.prek."platforms.macos-arm64"]
checksum = "sha256:8e31a0e21c2d70e0583500f728e2c1aaba45c397a2ef2c4ea43afb7cd64f5d04"
url = "https://github.com/j178/prek/releases/download/v0.3.12/prek-aarch64-apple-darwin.tar.gz"
url_api = "https://api.github.com/repos/j178/prek/releases/assets/412498547"
provenance = "github-attestations"

[tools.prek."platforms.macos-x64"]
checksum = "sha256:ed4aa96e2c71a29d30d5e8e8b173155cda9f6aea9822e4773ccff70da5a8287a"
url = "https://github.com/j178/prek/releases/download/v0.3.12/prek-x86_64-apple-darwin.tar.gz"
url_api = "https://api.github.com/repos/j178/prek/releases/assets/412498597"
provenance = "github-attestations"

[tools.prek."platforms.windows-x64"]
checksum = "sha256:b75cdae3279806c7a046b18c45c601fe3ec1a380f11911bc39c5273100e18fce"
url = "https://github.com/j178/prek/releases/download/v0.3.12/prek-x86_64-pc-windows-msvc.zip"
url_api = "https://api.github.com/repos/j178/prek/releases/assets/412498603"
provenance = "github-attestations"

[[tools.python]]
version = "3.13.14"
backend = "core:python"

[tools.python."platforms.linux-arm64"]
checksum = "sha256:8d5ac68458a4df9bc3c349d607da2674d8390ad26162482b17215563e45aca83"
url = "https://github.com/astral-sh/python-build-standalone/releases/download/20260718/cpython-3.13.14+20260718-aarch64-unknown-linux-gnu-install_only_stripped.tar.gz"
provenance = "github-attestations"

[tools.python."platforms.linux-arm64-musl"]
checksum = "sha256:4d43ada1f37d09c118b4a205b5baafd03bac279b07cdedd382aa1a4367f8c15f"
url = "https://github.com/astral-sh/python-build-standalone/releases/download/20260718/cpython-3.13.14+20260718-aarch64-unknown-linux-musl-install_only_stripped.tar.gz"
provenance = "github-attestations"

[tools.python."platforms.linux-x64"]
checksum = "sha256:571a710c62520b26dbadbd16e8850e24565c01dea94440223bc16caa21614021"
url = "https://github.com/astral-sh/python-build-standalone/releases/download/20260718/cpython-3.13.14+20260718-x86_64-unknown-linux-gnu-install_only_stripped.tar.gz"
provenance = "github-attestations"

[tools.python."platforms.linux-x64-musl"]
checksum = "sha256:0dbfe4b9c043f81a60953245a2735594f6b09308031086ceac15511f4c0af193"
url = "https://github.com/astral-sh/python-build-standalone/releases/download/20260718/cpython-3.13.14+20260718-x86_64-unknown-linux-musl-install_only_stripped.tar.gz"
provenance = "github-attestations"

[tools.python."platforms.macos-arm64"]
checksum = "sha256:06469835e1b0f73bcdb6c498a1d60ce579cc43a980754490a6f1e30062f43850"
url = "https://github.com/astral-sh/python-build-standalone/releases/download/20260718/cpython-3.13.14+20260718-aarch64-apple-darwin-install_only_stripped.tar.gz"
provenance = "github-attestations"

[tools.python."platforms.macos-x64"]
checksum = "sha256:93ec3863e3265ed87382a9216d2e973b47ab7ef330b496c0249bfc2bfc164cee"
url = "https://github.com/astral-sh/python-build-standalone/releases/download/20260718/cpython-3.13.14+20260718-x86_64-apple-darwin-install_only_stripped.tar.gz"
provenance = "github-attestations"

[tools.python."platforms.windows-x64"]
checksum = "sha256:91ea0cd883295458fa766eae36241df3ecc21f7029814189707d54b450e55c69"
url = "https://github.com/astral-sh/python-build-standalone/releases/download/20260718/cpython-3.13.14+20260718-x86_64-pc-windows-msvc-install_only_stripped.tar.gz"
provenance = "github-attestations"

[[tools.ruff]]
version = "0.15.12"
backend = "aqua:astral-sh/ruff"

[tools.ruff."platforms.linux-arm64"]
checksum = "sha256:8996fe01814d00480c81da2b8ce9e8274f63eb07992318f082f7071772699635"
url = "https://github.com/astral-sh/ruff/releases/download/0.15.12/ruff-aarch64-unknown-linux-musl.tar.gz"
url_api = "https://api.github.com/repos/astral-sh/ruff/releases/assets/404672628"
provenance = "github-attestations"

[tools.ruff."platforms.linux-arm64-musl"]
checksum = "sha256:8996fe01814d00480c81da2b8ce9e8274f63eb07992318f082f7071772699635"
url = "https://github.com/astral-sh/ruff/releases/download/0.15.12/ruff-aarch64-unknown-linux-musl.tar.gz"
url_api = "https://api.github.com/repos/astral-sh/ruff/releases/assets/404672628"
provenance = "github-attestations"

[tools.ruff."platforms.linux-x64"]
checksum = "sha256:e0b074f722f87efe2e09de3a77820a012d1417ebabbd308cccdf6b98ba8d4bb3"
url = "https://github.com/astral-sh/ruff/releases/download/0.15.12/ruff-x86_64-unknown-linux-musl.tar.gz"
url_api = "https://api.github.com/repos/astral-sh/ruff/releases/assets/404672687"
provenance = "github-attestations"

[tools.ruff."platforms.linux-x64-musl"]
checksum = "sha256:e0b074f722f87efe2e09de3a77820a012d1417ebabbd308cccdf6b98ba8d4bb3"
url = "https://github.com/astral-sh/ruff/releases/download/0.15.12/ruff-x86_64-unknown-linux-musl.tar.gz"
url_api = "https://api.github.com/repos/astral-sh/ruff/releases/assets/404672687"
provenance = "github-attestations"

[tools.ruff."platforms.macos-arm64"]
checksum = "sha256:bd59107e125f9c9f64a75be13b6ff21bf7cbc61c4b9529bbb75c8184e3dd6c3c"
url = "https://github.com/astral-sh/ruff/releases/download/0.15.12/ruff-aarch64-apple-darwin.tar.gz"
url_api = "https://api.github.com/repos/astral-sh/ruff/releases/assets/404672619"
provenance = "github-attestations"

[tools.ruff."platforms.macos-x64"]
checksum = "sha256:f88b6ad8338ad7acf83497e4bc2f2b5d3cac46c3e71363b7263c1bb9027c9b37"
url = "https://github.com/astral-sh/ruff/releases/download/0.15.12/ruff-x86_64-apple-darwin.tar.gz"
url_api = "https://api.github.com/repos/astral-sh/ruff/releases/assets/404672676"
provenance = "github-attestations"

[tools.ruff."platforms.windows-x64"]
checksum = "sha256:d378033392042377491ef2541457af47cc4652c4e984639c95413b0c4876b0f1"
url = "https://github.com/astral-sh/ruff/releases/download/0.15.12/ruff-x86_64-pc-windows-msvc.zip"
url_api = "https://api.github.com/repos/astral-sh/ruff/releases/assets/404672680"
provenance = "github-attestations"

[[tools.uv]]
version = "0.11.8"
backend = "aqua:astral-sh/uv"

[tools.uv."platforms.linux-arm64"]
checksum = "sha256:29418befb64f926a2dba3473e8e69acd00b36fb845d85344ef11321a993ad8f5"
url = "https://github.com/astral-sh/uv/releases/download/0.11.8/uv-aarch64-unknown-linux-musl.tar.gz"
url_api = "https://api.github.com/repos/astral-sh/uv/releases/assets/406601428"
provenance = "github-attestations"

[tools.uv."platforms.linux-arm64-musl"]
checksum = "sha256:29418befb64f926a2dba3473e8e69acd00b36fb845d85344ef11321a993ad8f5"
url = "https://github.com/astral-sh/uv/releases/download/0.11.8/uv-aarch64-unknown-linux-musl.tar.gz"
url_api = "https://api.github.com/repos/astral-sh/uv/releases/assets/406601428"
provenance = "github-attestations"

[tools.uv."platforms.linux-x64"]
checksum = "sha256:de82507d12e31cfc86c1c776238f7c248e48e40d996dedc812d64fdd31c6ed12"
url = "https://github.com/astral-sh/uv/releases/download/0.11.8/uv-x86_64-unknown-linux-musl.tar.gz"
url_api = "https://api.github.com/repos/astral-sh/uv/releases/assets/406601501"
provenance = "github-attestations"

[tools.uv."platforms.linux-x64-musl"]
checksum = "sha256:de82507d12e31cfc86c1c776238f7c248e48e40d996dedc812d64fdd31c6ed12"
url = "https://github.com/astral-sh/uv/releases/download/0.11.8/uv-x86_64-unknown-linux-musl.tar.gz"
url_api = "https://api.github.com/repos/astral-sh/uv/releases/assets/406601501"
provenance = "github-attestations"

[tools.uv."platforms.macos-arm64"]
checksum = "sha256:c729adb365114e844dd7f9316313a7ed6443b89bb5681d409eebac78b0bd06c8"
url = "https://github.com/astral-sh/uv/releases/download/0.11.8/uv-aarch64-apple-darwin.tar.gz"
url_api = "https://api.github.com/repos/astral-sh/uv/releases/assets/406601415"
provenance = "github-attestations"

[tools.uv."platforms.macos-x64"]
checksum = "sha256:c59d73bf34b58bc8e33a11629f7a255c11789fd00f03cd3e68ab2d1603645de9"
url = "https://github.com/astral-sh/uv/releases/download/0.11.8/uv-x86_64-apple-darwin.tar.gz"
url_api = "https://api.github.com/repos/astral-sh/uv/releases/assets/406601489"
provenance = "github-attestations"

[tools.uv."platforms.windows-x64"]
checksum = "sha256:c84629a56e0706b69a47ea35862208af827cb6fbfa1d0ca763c52c67594637e8"
url = "https://github.com/astral-sh/uv/releases/download/0.11.8/uv-x86_64-pc-windows-msvc.zip"
url_api = "https://api.github.com/repos/astral-sh/uv/releases/assets/406601496"
provenance = "github-attestations"
